# Copyright (c) 2026 SPHARX. All Rights Reserved. "From data intelligence emerges".
# =================================================================================
# Workshop 依赖版本锁定文件（预留）
# =================================================================================
# 说明：
# 1. Workshop 项目所有依赖均为 Python 包，通过 requirements.txt 管理，
#    无需像 deepness 那样管理编译依赖（utils3d, MoGe, gsplat, pipeline 等）。
# 2. 此文件仅用于保持与 deepness 项目结构一致，方便未来可能的扩展。
# 3. 实际依赖管理请使用各模块的 requirements.txt 文件。
# 
# 如需添加编译依赖（例如未来需要某些 C++ 库），可参考 deepness 的格式：
#   utils3d:
#     url: https://github.com/EasternJournalist/utils3d
#     commit: 3fab839f0be9931dac7c8488eb0e1600c236e183
# Workshop 当前无编译依赖，此文件留空